{
  "name": "vue-mathjax-next",
  "version": "0.0.4",
  "lockfileVersion": 1,
  "requires": true,
  "dependencies": {
    "@babel/code-frame": {
      "version": "7.14.5",
      "resolved": "https://npm.corp.kuaishou.com/@babel%2fcode-frame/-/code-frame-7.14.5.tgz",
      "integrity": "sha1-I7CNdA6D9JxeWZRfvxtD6Au/Tts=",
      "dev": true,
      "requires": {
        "@babel/highlight": "^7.14.5"
      }
    },
    "@babel/helper-validator-identifier": {
      "version": "7.14.9",
      "resolved": "https://npm.corp.kuaishou.com/@babel%2fhelper-validator-identifier/-/helper-validator-identifier-7.14.9.tgz",
      "integrity": "sha1-ZlTRcbICT22O4VG/JQlpmRkTHUg=",
      "dev": true
    },
    "@babel/highlight": {
      "version": "7.14.5",
      "resolved": "https://npm.corp.kuaishou.com/@babel%2fhighlight/-/highlight-7.14.5.tgz",
      "integrity": "sha1-aGGlLwOWZAUAH2qlNKAaJNmejNk=",
      "dev": true,
      "requires": {
        "@babel/helper-validator-identifier": "^7.14.5",
        "chalk": "^2.0.0",
        "js-tokens": "^4.0.0"
      },
      "dependencies": {
        "ansi-styles": {
          "version": "3.2.1",
          "resolved": "https://npm.corp.kuaishou.com/ansi-styles/-/ansi-styles-3.2.1.tgz",
          "integrity": "sha1-QfuyAkPlCxK+DwS43tvwdSDOhB0=",
          "dev": true,
          "requires": {
            "color-convert": "^1.9.0"
          }
        },
        "chalk": {
          "version": "2.4.2",
          "resolved": "https://npm.corp.kuaishou.com/chalk/-/chalk-2.4.2.tgz",
          "integrity": "sha1-zUJUFnelQzPPVBpJEIwUMrRMlCQ=",
          "dev": true,
          "requires": {
            "ansi-styles": "^3.2.1",
            "escape-string-regexp": "^1.0.5",
            "supports-color": "^5.3.0"
          }
        },
        "color-convert": {
          "version": "1.9.3",
          "resolved": "https://npm.corp.kuaishou.com/color-convert/-/color-convert-1.9.3.tgz",
          "integrity": "sha1-u3GFBpDh8TZWfeYp0tVHHe2kweg=",
          "dev": true,
          "requires": {
            "color-name": "1.1.3"
          }
        },
        "color-name": {
          "version": "1.1.3",
          "resolved": "https://npm.corp.kuaishou.com/color-name/-/color-name-1.1.3.tgz",
          "integrity": "sha1-p9BVi9icQveV3UIyj3QIMcpTvCU=",
          "dev": true
        },
        "has-flag": {
          "version": "3.0.0",
          "resolved": "https://npm.corp.kuaishou.com/has-flag/-/has-flag-3.0.0.tgz",
          "integrity": "sha1-tdRU3CGZriJWmfNGfloH87lVuv0=",
          "dev": true
        },
        "supports-color": {
          "version": "5.5.0",
          "resolved": "https://npm.corp.kuaishou.com/supports-color/-/supports-color-5.5.0.tgz",
          "integrity": "sha1-4uaaRKyHcveKHsCzW2id9lMO/I8=",
          "dev": true,
          "requires": {
            "has-flag": "^3.0.0"
          }
        }
      }
    },
    "@babel/parser": {
      "version": "7.16.10",
      "resolved": "https://registry.npmjs.org/@babel/parser/-/parser-7.16.10.tgz",
      "integrity": "sha512-Sm/S9Or6nN8uiFsQU1yodyDW3MWXQhFeqzMPM+t8MJjM+pLsnFVxFZzkpXKvUXh+Gz9cbMoYYs484+Jw/NTEFQ==",
      "dev": true
    },
    "@trysound/sax": {
      "version": "0.1.1",
      "resolved": "https://npm.corp.kuaishou.com/@trysound%2fsax/-/sax-0.1.1.tgz",
      "integrity": "sha1-M0hWQEjnotc5jJNdRmwEFOu2pmk=",
      "dev": true
    },
    "@types/node": {
      "version": "16.6.2",
      "resolved": "https://npm.corp.kuaishou.com/@types%2fnode/-/node-16.6.2.tgz",
      "integrity": "sha1-Mxt7n4YhxjgoR4fFVZQjgi/f/FA=",
      "dev": true
    },
    "@vue/compiler-core": {
      "version": "3.2.28",
      "resolved": "https://registry.npmjs.org/@vue/compiler-core/-/compiler-core-3.2.28.tgz",
      "integrity": "sha512-mQpfEjmHVxmWKaup0HL6tLMv2HqjjJu7XT4/q0IoUXYXC4xKG8lIVn5YChJqxBTLPuQjzas7u7i9L4PAWJZRtA==",
      "dev": true,
      "requires": {
        "@babel/parser": "^7.16.4",
        "@vue/shared": "3.2.28",
        "estree-walker": "^2.0.2",
        "source-map": "^0.6.1"
      },
      "dependencies": {
        "estree-walker": {
          "version": "2.0.2",
          "resolved": "https://registry.npmjs.org/estree-walker/-/estree-walker-2.0.2.tgz",
          "integrity": "sha512-Rfkk/Mp/DL7JVje3u18FxFujQlTNR2q6QfMSMB7AvCBx91NGj/ba3kCfza0f6dVDbw7YlRf/nDrn7pQrCCyQ/w==",
          "dev": true
        }
      }
    },
    "@vue/compiler-dom": {
      "version": "3.2.28",
      "resolved": "https://registry.npmjs.org/@vue/compiler-dom/-/compiler-dom-3.2.28.tgz",
      "integrity": "sha512-KA4yXceLteKC7VykvPnViUixemQw3A+oii+deSbZJOQKQKVh1HLosI10qxa8ImPCyun41+wG3uGR+tW7eu1W6Q==",
      "dev": true,
      "requires": {
        "@vue/compiler-core": "3.2.28",
        "@vue/shared": "3.2.28"
      }
    },
    "@vue/compiler-sfc": {
      "version": "3.2.28",
      "resolved": "https://registry.npmjs.org/@vue/compiler-sfc/-/compiler-sfc-3.2.28.tgz",
      "integrity": "sha512-zB0WznfEBb4CbGBHzhboHDKVO5nxbkbxxFo9iVlxObP7a9/qvA5kkZEuT7nXP52f3b3qEfmVTjIT23Lo1ndZdQ==",
      "dev": true,
      "requires": {
        "@babel/parser": "^7.16.4",
        "@vue/compiler-core": "3.2.28",
        "@vue/compiler-dom": "3.2.28",
        "@vue/compiler-ssr": "3.2.28",
        "@vue/reactivity-transform": "3.2.28",
        "@vue/shared": "3.2.28",
        "estree-walker": "^2.0.2",
        "magic-string": "^0.25.7",
        "postcss": "^8.1.10",
        "source-map": "^0.6.1"
      },
      "dependencies": {
        "estree-walker": {
          "version": "2.0.2",
          "resolved": "https://registry.npmjs.org/estree-walker/-/estree-walker-2.0.2.tgz",
          "integrity": "sha512-Rfkk/Mp/DL7JVje3u18FxFujQlTNR2q6QfMSMB7AvCBx91NGj/ba3kCfza0f6dVDbw7YlRf/nDrn7pQrCCyQ/w==",
          "dev": true
        }
      }
    },
    "@vue/compiler-ssr": {
      "version": "3.2.28",
      "resolved": "https://registry.npmjs.org/@vue/compiler-ssr/-/compiler-ssr-3.2.28.tgz",
      "integrity": "sha512-z8rck1PDTu20iLyip9lAvIhaO40DUJrw3Zv0mS4Apfh3PlfWpF5dhsO5g0dgt213wgYsQIYVIlU9cfrYapqRgg==",
      "dev": true,
      "requires": {
        "@vue/compiler-dom": "3.2.28",
        "@vue/shared": "3.2.28"
      }
    },
    "@vue/reactivity-transform": {
      "version": "3.2.28",
      "resolved": "https://registry.npmjs.org/@vue/reactivity-transform/-/reactivity-transform-3.2.28.tgz",
      "integrity": "sha512-zE8idNkOPnBDd2tKSIk84hOQZ+jXKvSy5FoIIVlcNEJHnCFnQ3maqeSJ9KoB2Rf6EXUhFTiTDNRlYlXmT2uHbQ==",
      "dev": true,
      "requires": {
        "@babel/parser": "^7.16.4",
        "@vue/compiler-core": "3.2.28",
        "@vue/shared": "3.2.28",
        "estree-walker": "^2.0.2",
        "magic-string": "^0.25.7"
      },
      "dependencies": {
        "estree-walker": {
          "version": "2.0.2",
          "resolved": "https://registry.npmjs.org/estree-walker/-/estree-walker-2.0.2.tgz",
          "integrity": "sha512-Rfkk/Mp/DL7JVje3u18FxFujQlTNR2q6QfMSMB7AvCBx91NGj/ba3kCfza0f6dVDbw7YlRf/nDrn7pQrCCyQ/w==",
          "dev": true
        }
      }
    },
    "@vue/shared": {
      "version": "3.2.28",
      "resolved": "https://registry.npmjs.org/@vue/shared/-/shared-3.2.28.tgz",
      "integrity": "sha512-eMQ8s9j8FpbGHlgUAaj/coaG3Q8YtMsoWL/RIHTsE3Ex7PUTyr7V91vB5HqWB5Sn8m4RXTHGO22/skoTUYvp0A==",
      "dev": true
    },
    "alphanum-sort": {
      "version": "1.0.2",
      "resolved": "https://npm.corp.kuaishou.com/alphanum-sort/-/alphanum-sort-1.0.2.tgz",
      "integrity": "sha1-l6ERlkmyEa0zaR2fn0hqjsn74KM=",
      "dev": true
    },
    "ansi-styles": {
      "version": "4.3.0",
      "resolved": "https://npm.corp.kuaishou.com/ansi-styles/-/ansi-styles-4.3.0.tgz",
      "integrity": "sha1-7dgDYornHATIWuegkG7a00tkiTc=",
      "dev": true,
      "requires": {
        "color-convert": "^2.0.1"
      }
    },
    "big.js": {
      "version": "5.2.2",
      "resolved": "https://npm.corp.kuaishou.com/big.js/-/big.js-5.2.2.tgz",
      "integrity": "sha1-ZfCvOC9Xi83HQr2cKB6cstd2gyg=",
      "dev": true
    },
    "boolbase": {
      "version": "1.0.0",
      "resolved": "https://npm.corp.kuaishou.com/boolbase/-/boolbase-1.0.0.tgz",
      "integrity": "sha1-aN/1++YMUes3cl6p4+0xDcwed24=",
      "dev": true
    },
    "browserslist": {
      "version": "4.16.8",
      "resolved": "https://npm.corp.kuaishou.com/browserslist/-/browserslist-4.16.8.tgz",
      "integrity": "sha1-y4aLC1VPE3um4z3g7P8u2kA8T7A=",
      "dev": true,
      "requires": {
        "caniuse-lite": "^1.0.30001251",
        "colorette": "^1.3.0",
        "electron-to-chromium": "^1.3.811",
        "escalade": "^3.1.1",
        "node-releases": "^1.1.75"
      }
    },
    "buffer-from": {
      "version": "1.1.2",
      "resolved": "https://npm.corp.kuaishou.com/buffer-from/-/buffer-from-1.1.2.tgz",
      "integrity": "sha1-KxRqb9cugLT1XSVfNe1Zo6mkG9U=",
      "dev": true
    },
    "caniuse-api": {
      "version": "3.0.0",
      "resolved": "https://npm.corp.kuaishou.com/caniuse-api/-/caniuse-api-3.0.0.tgz",
      "integrity": "sha1-Xk2Q4idJYdRikZl99Znj7QCO5MA=",
      "dev": true,
      "requires": {
        "browserslist": "^4.0.0",
        "caniuse-lite": "^1.0.0",
        "lodash.memoize": "^4.1.2",
        "lodash.uniq": "^4.5.0"
      }
    },
    "caniuse-lite": {
      "version": "1.0.30001251",
      "resolved": "https://npm.corp.kuaishou.com/caniuse-lite/-/caniuse-lite-1.0.30001251.tgz",
      "integrity": "sha1-aFOmBuxQiTEV22YPgsCU0Y8JbYU=",
      "dev": true
    },
    "chalk": {
      "version": "4.1.2",
      "resolved": "https://npm.corp.kuaishou.com/chalk/-/chalk-4.1.2.tgz",
      "integrity": "sha1-qsTit3NKdAhnrrFr8CqtVWoeegE=",
      "dev": true,
      "requires": {
        "ansi-styles": "^4.1.0",
        "supports-color": "^7.1.0"
      }
    },
    "color-convert": {
      "version": "2.0.1",
      "resolved": "https://npm.corp.kuaishou.com/color-convert/-/color-convert-2.0.1.tgz",
      "integrity": "sha1-ctOmjVmMm9s68q0ehPIdiWq9TeM=",
      "dev": true,
      "requires": {
        "color-name": "~1.1.4"
      }
    },
    "color-name": {
      "version": "1.1.4",
      "resolved": "https://npm.corp.kuaishou.com/color-name/-/color-name-1.1.4.tgz",
      "integrity": "sha1-wqCah6y95pVD3m9j+jmVyCbFNqI=",
      "dev": true
    },
    "colord": {
      "version": "2.7.0",
      "resolved": "https://npm.corp.kuaishou.com/colord/-/colord-2.7.0.tgz",
      "integrity": "sha1-cG6jb+DNZRtYXrFC/mS2SAGFJw4=",
      "dev": true
    },
    "colorette": {
      "version": "1.3.0",
      "resolved": "https://npm.corp.kuaishou.com/colorette/-/colorette-1.3.0.tgz",
      "integrity": "sha1-/0XS8O2yRAadO3cq3rBP7TjQoK8=",
      "dev": true
    },
    "commander": {
      "version": "7.2.0",
      "resolved": "https://npm.corp.kuaishou.com/commander/-/commander-7.2.0.tgz",
      "integrity": "sha1-o2y1fQtQHOEI5NIFWaFQo5HZerc=",
      "dev": true
    },
    "concat-with-sourcemaps": {
      "version": "1.1.0",
      "resolved": "https://npm.corp.kuaishou.com/concat-with-sourcemaps/-/concat-with-sourcemaps-1.1.0.tgz",
      "integrity": "sha1-1OqT8FriV5CVG5nns7CeOQikCC4=",
      "dev": true,
      "requires": {
        "source-map": "^0.6.1"
      }
    },
    "css-color-names": {
      "version": "1.0.1",
      "resolved": "https://npm.corp.kuaishou.com/css-color-names/-/css-color-names-1.0.1.tgz",
      "integrity": "sha1-b/fugagjrUbgIPov1qtAqIfiumc=",
      "dev": true
    },
    "css-declaration-sorter": {
      "version": "6.1.1",
      "resolved": "https://npm.corp.kuaishou.com/css-declaration-sorter/-/css-declaration-sorter-6.1.1.tgz",
      "integrity": "sha1-d7MrZEujdLxWLA/G9P2rpN+wt0k=",
      "dev": true,
      "requires": {
        "timsort": "^0.3.0"
      }
    },
    "css-select": {
      "version": "4.1.3",
      "resolved": "https://npm.corp.kuaishou.com/css-select/-/css-select-4.1.3.tgz",
      "integrity": "sha1-pwRA9wMX8maRGK10/xBeZYSccGc=",
      "dev": true,
      "requires": {
        "boolbase": "^1.0.0",
        "css-what": "^5.0.0",
        "domhandler": "^4.2.0",
        "domutils": "^2.6.0",
        "nth-check": "^2.0.0"
      }
    },
    "css-tree": {
      "version": "1.1.3",
      "resolved": "https://npm.corp.kuaishou.com/css-tree/-/css-tree-1.1.3.tgz",
      "integrity": "sha1-60hw+2/XcHMn7JXC/yqwm16NuR0=",
      "dev": true,
      "requires": {
        "mdn-data": "2.0.14",
        "source-map": "^0.6.1"
      }
    },
    "css-what": {
      "version": "5.0.1",
      "resolved": "https://npm.corp.kuaishou.com/css-what/-/css-what-5.0.1.tgz",
      "integrity": "sha1-PvqCATH0ZpqKwkCPnDLnx96fTK0=",
      "dev": true
    },
    "cssesc": {
      "version": "3.0.0",
      "resolved": "https://npm.corp.kuaishou.com/cssesc/-/cssesc-3.0.0.tgz",
      "integrity": "sha1-N3QZGZA7hoVl4cCep0dEXNGJg+4=",
      "dev": true
    },
    "cssnano": {
      "version": "5.0.8",
      "resolved": "https://npm.corp.kuaishou.com/cssnano/-/cssnano-5.0.8.tgz",
      "integrity": "sha1-Oa0WYlaYD8xk+qCMm7GLtXiez6k=",
      "dev": true,
      "requires": {
        "cssnano-preset-default": "^5.1.4",
        "is-resolvable": "^1.1.0",
        "lilconfig": "^2.0.3",
        "yaml": "^1.10.2"
      }
    },
    "cssnano-preset-default": {
      "version": "5.1.4",
      "resolved": "https://npm.corp.kuaishou.com/cssnano-preset-default/-/cssnano-preset-default-5.1.4.tgz",
      "integrity": "sha1-NZlDvwDFyOBUifEt0l8wBvLBy9I=",
      "dev": true,
      "requires": {
        "css-declaration-sorter": "^6.0.3",
        "cssnano-utils": "^2.0.1",
        "postcss-calc": "^8.0.0",
        "postcss-colormin": "^5.2.0",
        "postcss-convert-values": "^5.0.1",
        "postcss-discard-comments": "^5.0.1",
        "postcss-discard-duplicates": "^5.0.1",
        "postcss-discard-empty": "^5.0.1",
        "postcss-discard-overridden": "^5.0.1",
        "postcss-merge-longhand": "^5.0.2",
        "postcss-merge-rules": "^5.0.2",
        "postcss-minify-font-values": "^5.0.1",
        "postcss-minify-gradients": "^5.0.2",
        "postcss-minify-params": "^5.0.1",
        "postcss-minify-selectors": "^5.1.0",
        "postcss-normalize-charset": "^5.0.1",
        "postcss-normalize-display-values": "^5.0.1",
        "postcss-normalize-positions": "^5.0.1",
        "postcss-normalize-repeat-style": "^5.0.1",
        "postcss-normalize-string": "^5.0.1",
        "postcss-normalize-timing-functions": "^5.0.1",
        "postcss-normalize-unicode": "^5.0.1",
        "postcss-normalize-url": "^5.0.2",
        "postcss-normalize-whitespace": "^5.0.1",
        "postcss-ordered-values": "^5.0.2",
        "postcss-reduce-initial": "^5.0.1",
        "postcss-reduce-transforms": "^5.0.1",
        "postcss-svgo": "^5.0.2",
        "postcss-unique-selectors": "^5.0.1"
      }
    },
    "cssnano-utils": {
      "version": "2.0.1",
      "resolved": "https://npm.corp.kuaishou.com/cssnano-utils/-/cssnano-utils-2.0.1.tgz",
      "integrity": "sha1-hmCqKzfthp0uLyKRgZapqLZJjOI=",
      "dev": true
    },
    "csso": {
      "version": "4.2.0",
      "resolved": "https://npm.corp.kuaishou.com/csso/-/csso-4.2.0.tgz",
      "integrity": "sha1-6jpWE0bo3J9UbW/r7dUBh884lSk=",
      "dev": true,
      "requires": {
        "css-tree": "^1.1.2"
      }
    },
    "debug": {
      "version": "4.3.2",
      "resolved": "https://npm.corp.kuaishou.com/debug/-/debug-4.3.2.tgz",
      "integrity": "sha1-8KScGKyHeeMdSgxgKd+3aHPHQos=",
      "dev": true,
      "requires": {
        "ms": "2.1.2"
      }
    },
    "dom-serializer": {
      "version": "1.3.2",
      "resolved": "https://npm.corp.kuaishou.com/dom-serializer/-/dom-serializer-1.3.2.tgz",
      "integrity": "sha1-YgZDfTLO767HFhgDIwx6ILwbTZE=",
      "dev": true,
      "requires": {
        "domelementtype": "^2.0.1",
        "domhandler": "^4.2.0",
        "entities": "^2.0.0"
      }
    },
    "domelementtype": {
      "version": "2.2.0",
      "resolved": "https://npm.corp.kuaishou.com/domelementtype/-/domelementtype-2.2.0.tgz",
      "integrity": "sha1-mgtsJ4LtahxzI9QiZxg9+b2LHVc=",
      "dev": true
    },
    "domhandler": {
      "version": "4.2.0",
      "resolved": "https://npm.corp.kuaishou.com/domhandler/-/domhandler-4.2.0.tgz",
      "integrity": "sha1-+XaKXwNL5gqJonwuTQ9066DYsFk=",
      "dev": true,
      "requires": {
        "domelementtype": "^2.2.0"
      }
    },
    "domutils": {
      "version": "2.7.0",
      "resolved": "https://npm.corp.kuaishou.com/domutils/-/domutils-2.7.0.tgz",
      "integrity": "sha1-jrrwxB66/PVbC3LsMcVjI3EsVEI=",
      "dev": true,
      "requires": {
        "dom-serializer": "^1.0.1",
        "domelementtype": "^2.2.0",
        "domhandler": "^4.2.0"
      }
    },
    "electron-to-chromium": {
      "version": "1.3.813",
      "resolved": "https://npm.corp.kuaishou.com/electron-to-chromium/-/electron-to-chromium-1.3.813.tgz",
      "integrity": "sha1-dRoAfXHAD67YtentrzY0wUucWh8=",
      "dev": true
    },
    "emojis-list": {
      "version": "3.0.0",
      "resolved": "https://npm.corp.kuaishou.com/emojis-list/-/emojis-list-3.0.0.tgz",
      "integrity": "sha1-VXBmIEatKeLpFucariYKvf9Pang=",
      "dev": true
    },
    "entities": {
      "version": "2.2.0",
      "resolved": "https://npm.corp.kuaishou.com/entities/-/entities-2.2.0.tgz",
      "integrity": "sha1-CY3JDruD2N/6CJ1VJWs1HTTE2lU=",
      "dev": true
    },
    "escalade": {
      "version": "3.1.1",
      "resolved": "https://npm.corp.kuaishou.com/escalade/-/escalade-3.1.1.tgz",
      "integrity": "sha1-2M/ccACWXFoBdLSoLqpcBVJ0LkA=",
      "dev": true
    },
    "escape-string-regexp": {
      "version": "1.0.5",
      "resolved": "https://npm.corp.kuaishou.com/escape-string-regexp/-/escape-string-regexp-1.0.5.tgz",
      "integrity": "sha1-G2HAViGQqN/2rjuyzwIAyhMLhtQ=",
      "dev": true
    },
    "estree-walker": {
      "version": "0.6.1",
      "resolved": "https://npm.corp.kuaishou.com/estree-walker/-/estree-walker-0.6.1.tgz",
      "integrity": "sha1-UwSRQ/QMbrkYsjZx0f4yGfOhs2I=",
      "dev": true
    },
    "eventemitter3": {
      "version": "4.0.7",
      "resolved": "https://npm.corp.kuaishou.com/eventemitter3/-/eventemitter3-4.0.7.tgz",
      "integrity": "sha1-Lem2j2Uo1WRO9cWVJqG0oHMGFp8=",
      "dev": true
    },
    "fsevents": {
      "version": "2.3.2",
      "resolved": "https://registry.npmjs.org/fsevents/-/fsevents-2.3.2.tgz",
      "integrity": "sha512-xiqMQR4xAeHTuB9uWm+fFRcIOgKBMiOBP+eXiyT7jsgVCq1bkVygt00oASowB7EdtpOHaaPgKt812P9ab+DDKA==",
      "dev": true,
      "optional": true
    },
    "function-bind": {
      "version": "1.1.1",
      "resolved": "https://npm.corp.kuaishou.com/function-bind/-/function-bind-1.1.1.tgz",
      "integrity": "sha1-pWiZ0+o8m6uHS7l3O3xe3pL0iV0=",
      "dev": true
    },
    "generic-names": {
      "version": "2.0.1",
      "resolved": "https://npm.corp.kuaishou.com/generic-names/-/generic-names-2.0.1.tgz",
      "integrity": "sha1-+KN46tLMqno08DF7BVVIMq5BuHI=",
      "dev": true,
      "requires": {
        "loader-utils": "^1.1.0"
      }
    },
    "has": {
      "version": "1.0.3",
      "resolved": "https://npm.corp.kuaishou.com/has/-/has-1.0.3.tgz",
      "integrity": "sha1-ci18v8H2qoJB8W3YFOAR4fQeh5Y=",
      "dev": true,
      "requires": {
        "function-bind": "^1.1.1"
      }
    },
    "has-flag": {
      "version": "4.0.0",
      "resolved": "https://npm.corp.kuaishou.com/has-flag/-/has-flag-4.0.0.tgz",
      "integrity": "sha1-lEdx/ZyByBJlxNaUGGDaBrtZR5s=",
      "dev": true
    },
    "hash-sum": {
      "version": "2.0.0",
      "resolved": "https://npm.corp.kuaishou.com/hash-sum/-/hash-sum-2.0.0.tgz",
      "integrity": "sha1-gdAbtd6OpKIUrV1urRtSNGCwtFo=",
      "dev": true
    },
    "icss-replace-symbols": {
      "version": "1.1.0",
      "resolved": "https://npm.corp.kuaishou.com/icss-replace-symbols/-/icss-replace-symbols-1.1.0.tgz",
      "integrity": "sha1-Bupvg2ead0njhs/h/oEq5dsiPe0=",
      "dev": true
    },
    "icss-utils": {
      "version": "5.1.0",
      "resolved": "https://npm.corp.kuaishou.com/icss-utils/-/icss-utils-5.1.0.tgz",
      "integrity": "sha1-xr5oWKvQE9do6YNmrkfiXViHsa4=",
      "dev": true
    },
    "import-cwd": {
      "version": "3.0.0",
      "resolved": "https://npm.corp.kuaishou.com/import-cwd/-/import-cwd-3.0.0.tgz",
      "integrity": "sha1-IIRVR3GAFRJuqbNna3WS+4vUz5I=",
      "dev": true,
      "requires": {
        "import-from": "^3.0.0"
      }
    },
    "import-from": {
      "version": "3.0.0",
      "resolved": "https://npm.corp.kuaishou.com/import-from/-/import-from-3.0.0.tgz",
      "integrity": "sha1-BVz+w4zVon2AV8pRN219O/CJGWY=",
      "dev": true,
      "requires": {
        "resolve-from": "^5.0.0"
      }
    },
    "is-absolute-url": {
      "version": "3.0.3",
      "resolved": "https://npm.corp.kuaishou.com/is-absolute-url/-/is-absolute-url-3.0.3.tgz",
      "integrity": "sha1-lsaiK2ojkpsR6gr7GDbDatSl1pg=",
      "dev": true
    },
    "is-core-module": {
      "version": "2.6.0",
      "resolved": "https://npm.corp.kuaishou.com/is-core-module/-/is-core-module-2.6.0.tgz",
      "integrity": "sha1-11U7JSb+Wbkro+QMjfdX7Ipwnhk=",
      "dev": true,
      "requires": {
        "has": "^1.0.3"
      }
    },
    "is-resolvable": {
      "version": "1.1.0",
      "resolved": "https://npm.corp.kuaishou.com/is-resolvable/-/is-resolvable-1.1.0.tgz",
      "integrity": "sha1-+xj4fOH+uSUWnJpAfBkxijIG7Yg=",
      "dev": true
    },
    "jest-worker": {
      "version": "26.6.2",
      "resolved": "https://npm.corp.kuaishou.com/jest-worker/-/jest-worker-26.6.2.tgz",
      "integrity": "sha1-f3LLxNZDw2Xie5/XdfnQ6qnHqO0=",
      "dev": true,
      "requires": {
        "@types/node": "*",
        "merge-stream": "^2.0.0",
        "supports-color": "^7.0.0"
      }
    },
    "js-tokens": {
      "version": "4.0.0",
      "resolved": "https://npm.corp.kuaishou.com/js-tokens/-/js-tokens-4.0.0.tgz",
      "integrity": "sha1-GSA/tZmR35jjoocFDUZHzerzJJk=",
      "dev": true
    },
    "json5": {
      "version": "1.0.1",
      "resolved": "https://npm.corp.kuaishou.com/json5/-/json5-1.0.1.tgz",
      "integrity": "sha1-d5+wAYYE+oVOrL9iUhgNg1Q+Pb4=",
      "dev": true,
      "requires": {
        "minimist": "^1.2.0"
      }
    },
    "lilconfig": {
      "version": "2.0.3",
      "resolved": "https://npm.corp.kuaishou.com/lilconfig/-/lilconfig-2.0.3.tgz",
      "integrity": "sha1-aPMAXpIdr70qKvtIN5mGqm0lef0=",
      "dev": true
    },
    "loader-utils": {
      "version": "1.4.0",
      "resolved": "https://npm.corp.kuaishou.com/loader-utils/-/loader-utils-1.4.0.tgz",
      "integrity": "sha1-xXm140yzSxp07cbB+za/o3HVphM=",
      "dev": true,
      "requires": {
        "big.js": "^5.2.2",
        "emojis-list": "^3.0.0",
        "json5": "^1.0.1"
      }
    },
    "lodash.camelcase": {
      "version": "4.3.0",
      "resolved": "https://npm.corp.kuaishou.com/lodash.camelcase/-/lodash.camelcase-4.3.0.tgz",
      "integrity": "sha1-soqmKIorn8ZRA1x3EfZathkDMaY=",
      "dev": true
    },
    "lodash.memoize": {
      "version": "4.1.2",
      "resolved": "https://npm.corp.kuaishou.com/lodash.memoize/-/lodash.memoize-4.1.2.tgz",
      "integrity": "sha1-vMbEmkKihA7Zl/Mj6tpezRguC/4=",
      "dev": true
    },
    "lodash.uniq": {
      "version": "4.5.0",
      "resolved": "https://npm.corp.kuaishou.com/lodash.uniq/-/lodash.uniq-4.5.0.tgz",
      "integrity": "sha1-0CJTc662Uq3BvILklFM5qEJ1R3M=",
      "dev": true
    },
    "magic-string": {
      "version": "0.25.7",
      "resolved": "https://registry.npmjs.org/magic-string/-/magic-string-0.25.7.tgz",
      "integrity": "sha512-4CrMT5DOHTDk4HYDlzmwu4FVCcIYI8gauveasrdCu2IKIFOJ3f0v/8MDGJCDL9oD2ppz/Av1b0Nj345H9M+XIA==",
      "dev": true,
      "requires": {
        "sourcemap-codec": "^1.4.4"
      }
    },
    "mdn-data": {
      "version": "2.0.14",
      "resolved": "https://npm.corp.kuaishou.com/mdn-data/-/mdn-data-2.0.14.tgz",
      "integrity": "sha1-cRP8QoGRfWPOKbQ0RvcB5owlulA=",
      "dev": true
    },
    "merge-stream": {
      "version": "2.0.0",
      "resolved": "https://npm.corp.kuaishou.com/merge-stream/-/merge-stream-2.0.0.tgz",
      "integrity": "sha1-UoI2KaFN0AyXcPtq1H3GMQ8sH2A=",
      "dev": true
    },
    "minimist": {
      "version": "1.2.5",
      "resolved": "https://npm.corp.kuaishou.com/minimist/-/minimist-1.2.5.tgz",
      "integrity": "sha1-Z9ZgFLZqaoqqDAg8X9WN9OTpdgI=",
      "dev": true
    },
    "ms": {
      "version": "2.1.2",
      "resolved": "https://npm.corp.kuaishou.com/ms/-/ms-2.1.2.tgz",
      "integrity": "sha1-0J0fNXtEP0kzgqjrPM0YOHKuYAk=",
      "dev": true
    },
    "nanoid": {
      "version": "3.2.0",
      "resolved": "https://registry.npmjs.org/nanoid/-/nanoid-3.2.0.tgz",
      "integrity": "sha512-fmsZYa9lpn69Ad5eDn7FMcnnSR+8R34W9qJEijxYhTbfOWzr22n1QxCMzXLK+ODyW2973V3Fux959iQoUxzUIA==",
      "dev": true
    },
    "node-releases": {
      "version": "1.1.75",
      "resolved": "https://npm.corp.kuaishou.com/node-releases/-/node-releases-1.1.75.tgz",
      "integrity": "sha1-bdjIdrmJehuOWgLeJq+nm7VOu/4=",
      "dev": true
    },
    "normalize-url": {
      "version": "6.1.0",
      "resolved": "https://npm.corp.kuaishou.com/normalize-url/-/normalize-url-6.1.0.tgz",
      "integrity": "sha1-QNCIW1Nd7/4/MUe+yHfQX+TFZoo=",
      "dev": true
    },
    "nth-check": {
      "version": "2.0.0",
      "resolved": "https://npm.corp.kuaishou.com/nth-check/-/nth-check-2.0.0.tgz",
      "integrity": "sha1-G7T22scAcvwxPoyc0UF7UHTAoSU=",
      "dev": true,
      "requires": {
        "boolbase": "^1.0.0"
      }
    },
    "p-finally": {
      "version": "1.0.0",
      "resolved": "https://npm.corp.kuaishou.com/p-finally/-/p-finally-1.0.0.tgz",
      "integrity": "sha1-P7z7FbiZpEEjs0ttzBi3JDNqLK4=",
      "dev": true
    },
    "p-queue": {
      "version": "6.6.2",
      "resolved": "https://npm.corp.kuaishou.com/p-queue/-/p-queue-6.6.2.tgz",
      "integrity": "sha1-IGip3PjmfdDsPnory3aBD6qF5CY=",
      "dev": true,
      "requires": {
        "eventemitter3": "^4.0.4",
        "p-timeout": "^3.2.0"
      }
    },
    "p-timeout": {
      "version": "3.2.0",
      "resolved": "https://npm.corp.kuaishou.com/p-timeout/-/p-timeout-3.2.0.tgz",
      "integrity": "sha1-x+F6vJcdKnli74NiazXWNazyPf4=",
      "dev": true,
      "requires": {
        "p-finally": "^1.0.0"
      }
    },
    "path-parse": {
      "version": "1.0.7",
      "resolved": "https://npm.corp.kuaishou.com/path-parse/-/path-parse-1.0.7.tgz",
      "integrity": "sha1-+8EUtgykKzDZ2vWFjkvWi77bZzU=",
      "dev": true
    },
    "picocolors": {
      "version": "1.0.0",
      "resolved": "https://registry.npmjs.org/picocolors/-/picocolors-1.0.0.tgz",
      "integrity": "sha512-1fygroTLlHu66zi26VoTDv8yRgm0Fccecssto+MhsZ0D/DGW2sm8E8AjW7NU5VVTRt5GxbeZ5qBuJr+HyLYkjQ==",
      "dev": true
    },
    "pify": {
      "version": "5.0.0",
      "resolved": "https://npm.corp.kuaishou.com/pify/-/pify-5.0.0.tgz",
      "integrity": "sha1-H17KP16H6+wozG1UoOSq8ArMEn8=",
      "dev": true
    },
    "postcss": {
      "version": "8.4.5",
      "resolved": "https://registry.npmjs.org/postcss/-/postcss-8.4.5.tgz",
      "integrity": "sha512-jBDboWM8qpaqwkMwItqTQTiFikhs/67OYVvblFFTM7MrZjt6yMKd6r2kgXizEbTTljacm4NldIlZnhbjr84QYg==",
      "dev": true,
      "requires": {
        "nanoid": "^3.1.30",
        "picocolors": "^1.0.0",
        "source-map-js": "^1.0.1"
      }
    },
    "postcss-calc": {
      "version": "8.0.0",
      "resolved": "https://npm.corp.kuaishou.com/postcss-calc/-/postcss-calc-8.0.0.tgz",
      "integrity": "sha1-oFuHqs0TJ0Cl2wlGKjYSRT5d+Qo=",
      "dev": true,
      "requires": {
        "postcss-selector-parser": "^6.0.2",
        "postcss-value-parser": "^4.0.2"
      }
    },
    "postcss-colormin": {
      "version": "5.2.0",
      "resolved": "https://npm.corp.kuaishou.com/postcss-colormin/-/postcss-colormin-5.2.0.tgz",
      "integrity": "sha1-K2ILiMD/GWg/M0n0z54k69r7LIg=",
      "dev": true,
      "requires": {
        "browserslist": "^4.16.6",
        "caniuse-api": "^3.0.0",
        "colord": "^2.0.1",
        "postcss-value-parser": "^4.1.0"
      }
    },
    "postcss-convert-values": {
      "version": "5.0.1",
      "resolved": "https://npm.corp.kuaishou.com/postcss-convert-values/-/postcss-convert-values-5.0.1.tgz",
      "integrity": "sha1-TsGdYBZTTjDjEC/fQU51M5hkUjI=",
      "dev": true,
      "requires": {
        "postcss-value-parser": "^4.1.0"
      }
    },
    "postcss-discard-comments": {
      "version": "5.0.1",
      "resolved": "https://npm.corp.kuaishou.com/postcss-discard-comments/-/postcss-discard-comments-5.0.1.tgz",
      "integrity": "sha1-nq5LdHz3YNMfJEfCfwYZ1XGJAf4=",
      "dev": true
    },
    "postcss-discard-duplicates": {
      "version": "5.0.1",
      "resolved": "https://npm.corp.kuaishou.com/postcss-discard-duplicates/-/postcss-discard-duplicates-5.0.1.tgz",
      "integrity": "sha1-aPfMZFj+a6suRsn1WuUoafaA5m0=",
      "dev": true
    },
    "postcss-discard-empty": {
      "version": "5.0.1",
      "resolved": "https://npm.corp.kuaishou.com/postcss-discard-empty/-/postcss-discard-empty-5.0.1.tgz",
      "integrity": "sha1-7hNsOeJ9XS7U2g7l7QK8ip+L9tg=",
      "dev": true
    },
    "postcss-discard-overridden": {
      "version": "5.0.1",
      "resolved": "https://npm.corp.kuaishou.com/postcss-discard-overridden/-/postcss-discard-overridden-5.0.1.tgz",
      "integrity": "sha1-RUtB9wcwC5gQmnUAXKSrD/J0OsY=",
      "dev": true
    },
    "postcss-load-config": {
      "version": "3.1.0",
      "resolved": "https://npm.corp.kuaishou.com/postcss-load-config/-/postcss-load-config-3.1.0.tgz",
      "integrity": "sha1-05xHCRxK7Df1AnI3OmpkjvXpeCk=",
      "dev": true,
      "requires": {
        "import-cwd": "^3.0.0",
        "lilconfig": "^2.0.3",
        "yaml": "^1.10.2"
      }
    },
    "postcss-merge-longhand": {
      "version": "5.0.2",
      "resolved": "https://npm.corp.kuaishou.com/postcss-merge-longhand/-/postcss-merge-longhand-5.0.2.tgz",
      "integrity": "sha1-J3raUdmnlY6O+M8mMQPJOEsyKkE=",
      "dev": true,
      "requires": {
        "css-color-names": "^1.0.1",
        "postcss-value-parser": "^4.1.0",
        "stylehacks": "^5.0.1"
      }
    },
    "postcss-merge-rules": {
      "version": "5.0.2",
      "resolved": "https://npm.corp.kuaishou.com/postcss-merge-rules/-/postcss-merge-rules-5.0.2.tgz",
      "integrity": "sha1-1uTWUBi629t9zHicTzm5QTBdQQo=",
      "dev": true,
      "requires": {
        "browserslist": "^4.16.6",
        "caniuse-api": "^3.0.0",
        "cssnano-utils": "^2.0.1",
        "postcss-selector-parser": "^6.0.5",
        "vendors": "^1.0.3"
      }
    },
    "postcss-minify-font-values": {
      "version": "5.0.1",
      "resolved": "https://npm.corp.kuaishou.com/postcss-minify-font-values/-/postcss-minify-font-values-5.0.1.tgz",
      "integrity": "sha1-qQzvv9qgdb09uqGzNYi7TcJord8=",
      "dev": true,
      "requires": {
        "postcss-value-parser": "^4.1.0"
      }
    },
    "postcss-minify-gradients": {
      "version": "5.0.2",
      "resolved": "https://npm.corp.kuaishou.com/postcss-minify-gradients/-/postcss-minify-gradients-5.0.2.tgz",
      "integrity": "sha1-fBdcEI8GpWKZJdaYs8TPe9OGTuU=",
      "dev": true,
      "requires": {
        "colord": "^2.6",
        "cssnano-utils": "^2.0.1",
        "postcss-value-parser": "^4.1.0"
      }
    },
    "postcss-minify-params": {
      "version": "5.0.1",
      "resolved": "https://npm.corp.kuaishou.com/postcss-minify-params/-/postcss-minify-params-5.0.1.tgz",
      "integrity": "sha1-NxFTuhZLnYVihC/c2SnJir2eW2w=",
      "dev": true,
      "requires": {
        "alphanum-sort": "^1.0.2",
        "browserslist": "^4.16.0",
        "cssnano-utils": "^2.0.1",
        "postcss-value-parser": "^4.1.0",
        "uniqs": "^2.0.0"
      }
    },
    "postcss-minify-selectors": {
      "version": "5.1.0",
      "resolved": "https://npm.corp.kuaishou.com/postcss-minify-selectors/-/postcss-minify-selectors-5.1.0.tgz",
      "integrity": "sha1-Q4XIRdOXn/FgKRd0Uj/6VOr9WlQ=",
      "dev": true,
      "requires": {
        "alphanum-sort": "^1.0.2",
        "postcss-selector-parser": "^6.0.5"
      }
    },
    "postcss-modules": {
      "version": "4.2.2",
      "resolved": "https://npm.corp.kuaishou.com/postcss-modules/-/postcss-modules-4.2.2.tgz",
      "integrity": "sha1-Xnd3xaiWTqF2kZ2QsuVO+JEyHOU=",
      "dev": true,
      "requires": {
        "generic-names": "^2.0.1",
        "icss-replace-symbols": "^1.1.0",
        "lodash.camelcase": "^4.3.0",
        "postcss-modules-extract-imports": "^3.0.0",
        "postcss-modules-local-by-default": "^4.0.0",
        "postcss-modules-scope": "^3.0.0",
        "postcss-modules-values": "^4.0.0",
        "string-hash": "^1.1.1"
      }
    },
    "postcss-modules-extract-imports": {
      "version": "3.0.0",
      "resolved": "https://npm.corp.kuaishou.com/postcss-modules-extract-imports/-/postcss-modules-extract-imports-3.0.0.tgz",
      "integrity": "sha1-zaHwR8CugMl9vijD52pDuIAldB0=",
      "dev": true
    },
    "postcss-modules-local-by-default": {
      "version": "4.0.0",
      "resolved": "https://npm.corp.kuaishou.com/postcss-modules-local-by-default/-/postcss-modules-local-by-default-4.0.0.tgz",
      "integrity": "sha1-67tU+uFZjuz99pGgKz/zs5ClpRw=",
      "dev": true,
      "requires": {
        "icss-utils": "^5.0.0",
        "postcss-selector-parser": "^6.0.2",
        "postcss-value-parser": "^4.1.0"
      }
    },
    "postcss-modules-scope": {
      "version": "3.0.0",
      "resolved": "https://npm.corp.kuaishou.com/postcss-modules-scope/-/postcss-modules-scope-3.0.0.tgz",
      "integrity": "sha1-nvMVFFbTu/oSDKRImN/Kby+gHwY=",
      "dev": true,
      "requires": {
        "postcss-selector-parser": "^6.0.4"
      }
    },
    "postcss-modules-values": {
      "version": "4.0.0",
      "resolved": "https://npm.corp.kuaishou.com/postcss-modules-values/-/postcss-modules-values-4.0.0.tgz",
      "integrity": "sha1-18Xn5ow7s8myfL9Iyguz/7RgLJw=",
      "dev": true,
      "requires": {
        "icss-utils": "^5.0.0"
      }
    },
    "postcss-normalize-charset": {
      "version": "5.0.1",
      "resolved": "https://npm.corp.kuaishou.com/postcss-normalize-charset/-/postcss-normalize-charset-5.0.1.tgz",
      "integrity": "sha1-EhVZ0b68VayNJK839nvU2p79kdA=",
      "dev": true
    },
    "postcss-normalize-display-values": {
      "version": "5.0.1",
      "resolved": "https://npm.corp.kuaishou.com/postcss-normalize-display-values/-/postcss-normalize-display-values-5.0.1.tgz",
      "integrity": "sha1-YmULllmBqVXf/ugzY0U9uC9q0f0=",
      "dev": true,
      "requires": {
        "cssnano-utils": "^2.0.1",
        "postcss-value-parser": "^4.1.0"
      }
    },
    "postcss-normalize-positions": {
      "version": "5.0.1",
      "resolved": "https://npm.corp.kuaishou.com/postcss-normalize-positions/-/postcss-normalize-positions-5.0.1.tgz",
      "integrity": "sha1-ho9q8Xlf36hvu+lg3OtH5flJL+U=",
      "dev": true,
      "requires": {
        "postcss-value-parser": "^4.1.0"
      }
    },
    "postcss-normalize-repeat-style": {
      "version": "5.0.1",
      "resolved": "https://npm.corp.kuaishou.com/postcss-normalize-repeat-style/-/postcss-normalize-repeat-style-5.0.1.tgz",
      "integrity": "sha1-y8DeE4O1f1u2Hd1qhGU7XoZlsrU=",
      "dev": true,
      "requires": {
        "cssnano-utils": "^2.0.1",
        "postcss-value-parser": "^4.1.0"
      }
    },
    "postcss-normalize-string": {
      "version": "5.0.1",
      "resolved": "https://npm.corp.kuaishou.com/postcss-normalize-string/-/postcss-normalize-string-5.0.1.tgz",
      "integrity": "sha1-2er6pN94x6O5c640bvDkfFVJhbA=",
      "dev": true,
      "requires": {
        "postcss-value-parser": "^4.1.0"
      }
    },
    "postcss-normalize-timing-functions": {
      "version": "5.0.1",
      "resolved": "https://npm.corp.kuaishou.com/postcss-normalize-timing-functions/-/postcss-normalize-timing-functions-5.0.1.tgz",
      "integrity": "sha1-juQRA7kTBCnGy7pzaTK3XF4ssIw=",
      "dev": true,
      "requires": {
        "cssnano-utils": "^2.0.1",
        "postcss-value-parser": "^4.1.0"
      }
    },
    "postcss-normalize-unicode": {
      "version": "5.0.1",
      "resolved": "https://npm.corp.kuaishou.com/postcss-normalize-unicode/-/postcss-normalize-unicode-5.0.1.tgz",
      "integrity": "sha1-gtZy1kikEYFKpb865WU3nM2fXjc=",
      "dev": true,
      "requires": {
        "browserslist": "^4.16.0",
        "postcss-value-parser": "^4.1.0"
      }
    },
    "postcss-normalize-url": {
      "version": "5.0.2",
      "resolved": "https://npm.corp.kuaishou.com/postcss-normalize-url/-/postcss-normalize-url-5.0.2.tgz",
      "integrity": "sha1-3c37fO3hJwdAzz5N/GAIvZarx2M=",
      "dev": true,
      "requires": {
        "is-absolute-url": "^3.0.3",
        "normalize-url": "^6.0.1",
        "postcss-value-parser": "^4.1.0"
      }
    },
    "postcss-normalize-whitespace": {
      "version": "5.0.1",
      "resolved": "https://npm.corp.kuaishou.com/postcss-normalize-whitespace/-/postcss-normalize-whitespace-5.0.1.tgz",
      "integrity": "sha1-sLQLW8rINYX/B+rS2vLc++7vjpo=",
      "dev": true,
      "requires": {
        "postcss-value-parser": "^4.1.0"
      }
    },
    "postcss-ordered-values": {
      "version": "5.0.2",
      "resolved": "https://npm.corp.kuaishou.com/postcss-ordered-values/-/postcss-ordered-values-5.0.2.tgz",
      "integrity": "sha1-HzUUJpd74A4PdlsxZK11PayO0EQ=",
      "dev": true,
      "requires": {
        "cssnano-utils": "^2.0.1",
        "postcss-value-parser": "^4.1.0"
      }
    },
    "postcss-reduce-initial": {
      "version": "5.0.1",
      "resolved": "https://npm.corp.kuaishou.com/postcss-reduce-initial/-/postcss-reduce-initial-5.0.1.tgz",
      "integrity": "sha1-nWNphlsPb29rFloO9dwaSFbH6UY=",
      "dev": true,
      "requires": {
        "browserslist": "^4.16.0",
        "caniuse-api": "^3.0.0"
      }
    },
    "postcss-reduce-transforms": {
      "version": "5.0.1",
      "resolved": "https://npm.corp.kuaishou.com/postcss-reduce-transforms/-/postcss-reduce-transforms-5.0.1.tgz",
      "integrity": "sha1-k8EvahWUdKpxHVJpkj4jg87c9kA=",
      "dev": true,
      "requires": {
        "cssnano-utils": "^2.0.1",
        "postcss-value-parser": "^4.1.0"
      }
    },
    "postcss-selector-parser": {
      "version": "6.0.6",
      "resolved": "https://npm.corp.kuaishou.com/postcss-selector-parser/-/postcss-selector-parser-6.0.6.tgz",
      "integrity": "sha1-LFu6gXSsL2mBq2MaQqsO5UrzMuo=",
      "dev": true,
      "requires": {
        "cssesc": "^3.0.0",
        "util-deprecate": "^1.0.2"
      }
    },
    "postcss-svgo": {
      "version": "5.0.2",
      "resolved": "https://npm.corp.kuaishou.com/postcss-svgo/-/postcss-svgo-5.0.2.tgz",
      "integrity": "sha1-vHPE6kxagPvUtF4pBCw0zv+5JX8=",
      "dev": true,
      "requires": {
        "postcss-value-parser": "^4.1.0",
        "svgo": "^2.3.0"
      }
    },
    "postcss-unique-selectors": {
      "version": "5.0.1",
      "resolved": "https://npm.corp.kuaishou.com/postcss-unique-selectors/-/postcss-unique-selectors-5.0.1.tgz",
      "integrity": "sha1-O+XB1zYzUu/4OL1isLB6CrrUO/w=",
      "dev": true,
      "requires": {
        "alphanum-sort": "^1.0.2",
        "postcss-selector-parser": "^6.0.5",
        "uniqs": "^2.0.0"
      }
    },
    "postcss-value-parser": {
      "version": "4.1.0",
      "resolved": "https://npm.corp.kuaishou.com/postcss-value-parser/-/postcss-value-parser-4.1.0.tgz",
      "integrity": "sha1-RD9qIM7WSBor2k+oUypuVdeJoss=",
      "dev": true
    },
    "promise.series": {
      "version": "0.2.0",
      "resolved": "https://npm.corp.kuaishou.com/promise.series/-/promise.series-0.2.0.tgz",
      "integrity": "sha1-LMfr6Vn8OmYZwEq029yeRS2GS70=",
      "dev": true
    },
    "randombytes": {
      "version": "2.1.0",
      "resolved": "https://npm.corp.kuaishou.com/randombytes/-/randombytes-2.1.0.tgz",
      "integrity": "sha1-32+ENy8CcNxlzfYpE0mrekc9Tyo=",
      "dev": true,
      "requires": {
        "safe-buffer": "^5.1.0"
      }
    },
    "resolve": {
      "version": "1.20.0",
      "resolved": "https://npm.corp.kuaishou.com/resolve/-/resolve-1.20.0.tgz",
      "integrity": "sha1-YpoBP7P3B1XW8LeTXMHCxTeLGXU=",
      "dev": true,
      "requires": {
        "is-core-module": "^2.2.0",
        "path-parse": "^1.0.6"
      }
    },
    "resolve-from": {
      "version": "5.0.0",
      "resolved": "https://npm.corp.kuaishou.com/resolve-from/-/resolve-from-5.0.0.tgz",
      "integrity": "sha1-w1IlhD3493bfIcV1V7wIfp39/Gk=",
      "dev": true
    },
    "rollup": {
      "version": "2.60.0",
      "resolved": "https://registry.npmjs.org/rollup/-/rollup-2.60.0.tgz",
      "integrity": "sha512-cHdv9GWd58v58rdseC8e8XIaPUo8a9cgZpnCMMDGZFDZKEODOiPPEQFXLriWr/TjXzhPPmG5bkAztPsOARIcGQ==",
      "dev": true,
      "requires": {
        "fsevents": "~2.3.2"
      }
    },
    "rollup-plugin-postcss": {
      "version": "4.0.1",
      "resolved": "https://npm.corp.kuaishou.com/rollup-plugin-postcss/-/rollup-plugin-postcss-4.0.1.tgz",
      "integrity": "sha1-KFZGW2N+wCUTZ2ZZqr8co4QPOvA=",
      "dev": true,
      "requires": {
        "chalk": "^4.1.0",
        "concat-with-sourcemaps": "^1.1.0",
        "cssnano": "^5.0.1",
        "import-cwd": "^3.0.0",
        "p-queue": "^6.6.2",
        "pify": "^5.0.0",
        "postcss-load-config": "^3.0.0",
        "postcss-modules": "^4.0.0",
        "promise.series": "^0.2.0",
        "resolve": "^1.19.0",
        "rollup-pluginutils": "^2.8.2",
        "safe-identifier": "^0.4.2",
        "style-inject": "^0.3.0"
      }
    },
    "rollup-plugin-terser": {
      "version": "7.0.2",
      "resolved": "https://npm.corp.kuaishou.com/rollup-plugin-terser/-/rollup-plugin-terser-7.0.2.tgz",
      "integrity": "sha1-6Pu6SGmYGy3DWufopQLVxsBNMk0=",
      "dev": true,
      "requires": {
        "@babel/code-frame": "^7.10.4",
        "jest-worker": "^26.2.1",
        "serialize-javascript": "^4.0.0",
        "terser": "^5.0.0"
      }
    },
    "rollup-plugin-vue": {
      "version": "6.0.0",
      "resolved": "https://npm.corp.kuaishou.com/rollup-plugin-vue/-/rollup-plugin-vue-6.0.0.tgz",
      "integrity": "sha1-43npPlrpqGSFIvaYvi5FLoZyqvI=",
      "dev": true,
      "requires": {
        "debug": "^4.1.1",
        "hash-sum": "^2.0.0",
        "rollup-pluginutils": "^2.8.2"
      }
    },
    "rollup-pluginutils": {
      "version": "2.8.2",
      "resolved": "https://npm.corp.kuaishou.com/rollup-pluginutils/-/rollup-pluginutils-2.8.2.tgz",
      "integrity": "sha1-cvKvB0i1kjZNvTOJ5gDlqURKNR4=",
      "dev": true,
      "requires": {
        "estree-walker": "^0.6.1"
      }
    },
    "safe-buffer": {
      "version": "5.2.1",
      "resolved": "https://npm.corp.kuaishou.com/safe-buffer/-/safe-buffer-5.2.1.tgz",
      "integrity": "sha1-Hq+fqb2x/dTsdfWPnNtOa3gn7sY=",
      "dev": true
    },
    "safe-identifier": {
      "version": "0.4.2",
      "resolved": "https://npm.corp.kuaishou.com/safe-identifier/-/safe-identifier-0.4.2.tgz",
      "integrity": "sha1-z2v8oxwol8WICS0XUNMO9QHVn8s=",
      "dev": true
    },
    "serialize-javascript": {
      "version": "4.0.0",
      "resolved": "https://npm.corp.kuaishou.com/serialize-javascript/-/serialize-javascript-4.0.0.tgz",
      "integrity": "sha1-tSXhI4SJpez8Qq+sw/6Z5mb0sao=",
      "dev": true,
      "requires": {
        "randombytes": "^2.1.0"
      }
    },
    "source-map": {
      "version": "0.6.1",
      "resolved": "https://npm.corp.kuaishou.com/source-map/-/source-map-0.6.1.tgz",
      "integrity": "sha1-dHIq8y6WFOnCh6jQu95IteLxomM=",
      "dev": true
    },
    "source-map-js": {
      "version": "1.0.2",
      "resolved": "https://registry.npmjs.org/source-map-js/-/source-map-js-1.0.2.tgz",
      "integrity": "sha512-R0XvVJ9WusLiqTCEiGCmICCMplcCkIwwR11mOSD9CR5u+IXYdiseeEuXCVAjS54zqwkLcPNnmU4OeJ6tUrWhDw==",
      "dev": true
    },
    "source-map-support": {
      "version": "0.5.19",
      "resolved": "https://npm.corp.kuaishou.com/source-map-support/-/source-map-support-0.5.19.tgz",
      "integrity": "sha1-qYti+G3K9PZzmWSMCFKRq56P7WE=",
      "dev": true,
      "requires": {
        "buffer-from": "^1.0.0",
        "source-map": "^0.6.0"
      }
    },
    "sourcemap-codec": {
      "version": "1.4.8",
      "resolved": "https://registry.npmjs.org/sourcemap-codec/-/sourcemap-codec-1.4.8.tgz",
      "integrity": "sha512-9NykojV5Uih4lgo5So5dtw+f0JgJX30KCNI8gwhz2J9A15wD0Ml6tjHKwf6fTSa6fAdVBdZeNOs9eJ71qCk8vA==",
      "dev": true
    },
    "stable": {
      "version": "0.1.8",
      "resolved": "https://npm.corp.kuaishou.com/stable/-/stable-0.1.8.tgz",
      "integrity": "sha1-g26zyDgv4pNv6vVEYxAXzn1Ho88=",
      "dev": true
    },
    "string-hash": {
      "version": "1.1.3",
      "resolved": "https://npm.corp.kuaishou.com/string-hash/-/string-hash-1.1.3.tgz",
      "integrity": "sha1-6Kr8CsGFW0Zmkp7X3RJ1311sgRs=",
      "dev": true
    },
    "style-inject": {
      "version": "0.3.0",
      "resolved": "https://npm.corp.kuaishou.com/style-inject/-/style-inject-0.3.0.tgz",
      "integrity": "sha1-0hxHev/skYEcyCNVgypwDSK/jdM=",
      "dev": true
    },
    "stylehacks": {
      "version": "5.0.1",
      "resolved": "https://npm.corp.kuaishou.com/stylehacks/-/stylehacks-5.0.1.tgz",
      "integrity": "sha1-Mj7FVBmFIJhoBjiMf9rrw40sBvs=",
      "dev": true,
      "requires": {
        "browserslist": "^4.16.0",
        "postcss-selector-parser": "^6.0.4"
      }
    },
    "supports-color": {
      "version": "7.2.0",
      "resolved": "https://npm.corp.kuaishou.com/supports-color/-/supports-color-7.2.0.tgz",
      "integrity": "sha1-G33NyzK4E4gBs+R4umpRyqiWSNo=",
      "dev": true,
      "requires": {
        "has-flag": "^4.0.0"
      }
    },
    "svgo": {
      "version": "2.4.0",
      "resolved": "https://npm.corp.kuaishou.com/svgo/-/svgo-2.4.0.tgz",
      "integrity": "sha1-DEJlMQH9ZoaSwPabVbjXsYLvQis=",
      "dev": true,
      "requires": {
        "@trysound/sax": "0.1.1",
        "colorette": "^1.2.2",
        "commander": "^7.1.0",
        "css-select": "^4.1.3",
        "css-tree": "^1.1.2",
        "csso": "^4.2.0",
        "stable": "^0.1.8"
      }
    },
    "terser": {
      "version": "5.7.1",
      "resolved": "https://npm.corp.kuaishou.com/terser/-/terser-5.7.1.tgz",
      "integrity": "sha1-LcemEAm2a7Y4MFyyqCR2OxFr94Q=",
      "dev": true,
      "requires": {
        "commander": "^2.20.0",
        "source-map": "~0.7.2",
        "source-map-support": "~0.5.19"
      },
      "dependencies": {
        "commander": {
          "version": "2.20.3",
          "resolved": "https://npm.corp.kuaishou.com/commander/-/commander-2.20.3.tgz",
          "integrity": "sha1-/UhehMA+tIgcIHIrpIA16FMa6zM=",
          "dev": true
        },
        "source-map": {
          "version": "0.7.3",
          "resolved": "https://npm.corp.kuaishou.com/source-map/-/source-map-0.7.3.tgz",
          "integrity": "sha1-UwL4FpAxc1ImVECS5kmB91F1A4M=",
          "dev": true
        }
      }
    },
    "timsort": {
      "version": "0.3.0",
      "resolved": "https://npm.corp.kuaishou.com/timsort/-/timsort-0.3.0.tgz",
      "integrity": "sha1-QFQRqOfmM5/mTbmiNN4R3DHgK9Q=",
      "dev": true
    },
    "uniqs": {
      "version": "2.0.0",
      "resolved": "https://npm.corp.kuaishou.com/uniqs/-/uniqs-2.0.0.tgz",
      "integrity": "sha1-/+3ks2slKQaW5uFl1KWe25mOawI=",
      "dev": true
    },
    "util-deprecate": {
      "version": "1.0.2",
      "resolved": "https://npm.corp.kuaishou.com/util-deprecate/-/util-deprecate-1.0.2.tgz",
      "integrity": "sha1-RQ1Nyfpw3nMnYvvS1KKJgUGaDM8=",
      "dev": true
    },
    "vendors": {
      "version": "1.0.4",
      "resolved": "https://npm.corp.kuaishou.com/vendors/-/vendors-1.0.4.tgz",
      "integrity": "sha1-4rgApT56Kbk1BsPPQRANFsTErY4=",
      "dev": true
    },
    "yaml": {
      "version": "1.10.2",
      "resolved": "https://npm.corp.kuaishou.com/yaml/-/yaml-1.10.2.tgz",
      "integrity": "sha1-IwHF/78StGfejaIzOkWeKeeSDks=",
      "dev": true
    }
  }
}
